
Microsoft Visual Studio Solution File, Format Version 12.00
# Visual Studio Version 16
VisualStudioVersion = 16.0.33130.400
MinimumVisualStudioVersion = 10.0.40219.1
Project("{FAE04EC0-301F-11D3-BF4B-00C04F79EFBC}") = "OrnekSite", "OrnekSite\OrnekSite.csproj", "{B6B13D47-EA6E-4515-ACD4-6CC5180FA36E}"
EndProject
Global
	GlobalSection(SolutionConfigurationPlatforms) = preSolution
		Debug|Any CPU = Debug|Any CPU
		Release|Any CPU = Release|Any CPU
	EndGlobalSection
	GlobalSection(ProjectConfigurationPlatforms) = postSolution
		{B6B13D47-EA6E-4515-ACD4-6CC5180FA36E}.Debug|Any CPU.ActiveCfg = Debug|Any CPU
		{B6B13D47-EA6E-4515-ACD4-6CC5180FA36E}.Debug|Any CPU.Build.0 = Debug|Any CPU
		{B6B13D47-EA6E-4515-ACD4-6CC5180FA36E}.Release|Any CPU.ActiveCfg = Release|Any CPU
		{B6B13D47-EA6E-4515-ACD4-6CC5180FA36E}.Release|Any CPU.Build.0 = Release|Any CPU
	EndGlobalSection
	GlobalSection(SolutionProperties) = preSolution
		HideSolutionNode = FALSE
	EndGlobalSection
	GlobalSection(ExtensibilityGlobals) = postSolution
		SolutionGuid = {5605182C-9EF2-4B7C-B4E1-591AF3036740}
	EndGlobalSection
EndGlobal
